
Microsoft Visual Studio Solution File, Format Version 12.00
# Visual Studio Version 16
VisualStudioVersion = 16.0.31624.102
MinimumVisualStudioVersion = 10.0.40219.1
Project("{FAE04EC0-301F-11D3-BF4B-00C04F79EFBC}") = "Chapter 27", "Chapter 27.csproj", "{0795F007-E9C3-43B4-99C0-ED74D18377AC}"
EndProject
Global
	GlobalSection(SolutionConfigurationPlatforms) = preSolution
		Debug|Any CPU = Debug|Any CPU
		Release|Any CPU = Release|Any CPU
	EndGlobalSection
	GlobalSection(ProjectConfigurationPlatforms) = postSolution
		{0795F007-E9C3-43B4-99C0-ED74D18377AC}.Debug|Any CPU.ActiveCfg = Debug|Any CPU
		{0795F007-E9C3-43B4-99C0-ED74D18377AC}.Debug|Any CPU.Build.0 = Debug|Any CPU
		{0795F007-E9C3-43B4-99C0-ED74D18377AC}.Release|Any CPU.ActiveCfg = Release|Any CPU
		{0795F007-E9C3-43B4-99C0-ED74D18377AC}.Release|Any CPU.Build.0 = Release|Any CPU
	EndGlobalSection
	GlobalSection(SolutionProperties) = preSolution
		HideSolutionNode = FALSE
	EndGlobalSection
	GlobalSection(ExtensibilityGlobals) = postSolution
		SolutionGuid = {B3A040C6-511F-4B88-A662-7518BDD39E84}
	EndGlobalSection
EndGlobal
