
Microsoft Visual Studio Solution File, Format Version 12.00
# Visual Studio Version 16
VisualStudioVersion = 16.0.31624.102
MinimumVisualStudioVersion = 10.0.40219.1
Project("{FAE04EC0-301F-11D3-BF4B-00C04F79EFBC}") = "Chapter 24", "Chapter 24.csproj", "{5BA566E4-D472-4D86-93BC-4C33541F89BD}"
EndProject
Global
	GlobalSection(SolutionConfigurationPlatforms) = preSolution
		Debug|Any CPU = Debug|Any CPU
		Release|Any CPU = Release|Any CPU
	EndGlobalSection
	GlobalSection(ProjectConfigurationPlatforms) = postSolution
		{5BA566E4-D472-4D86-93BC-4C33541F89BD}.Debug|Any CPU.ActiveCfg = Debug|Any CPU
		{5BA566E4-D472-4D86-93BC-4C33541F89BD}.Debug|Any CPU.Build.0 = Debug|Any CPU
		{5BA566E4-D472-4D86-93BC-4C33541F89BD}.Release|Any CPU.ActiveCfg = Release|Any CPU
		{5BA566E4-D472-4D86-93BC-4C33541F89BD}.Release|Any CPU.Build.0 = Release|Any CPU
	EndGlobalSection
	GlobalSection(SolutionProperties) = preSolution
		HideSolutionNode = FALSE
	EndGlobalSection
	GlobalSection(ExtensibilityGlobals) = postSolution
		SolutionGuid = {F9D68814-BA78-42C7-B747-7C963631BDF5}
	EndGlobalSection
EndGlobal
